
Microsoft Visual Studio Solution File, Format Version 12.00
# Visual Studio Version 17
VisualStudioVersion = 17.5.33424.131
MinimumVisualStudioVersion = 10.0.40219.1
Project("{9A19103F-16F7-4668-BE54-9A1E7A4F7556}") = "Data", "Data\Data.csproj", "{BA36D7BE-F2DF-4F89-AA81-FD39E80C7B67}"
EndProject
Project("{9A19103F-16F7-4668-BE54-9A1E7A4F7556}") = "Service", "Service\Service.csproj", "{0E4A259F-5D2E-4D5B-B17A-E7586D5B1EB5}"
EndProject
Project("{9A19103F-16F7-4668-BE54-9A1E7A4F7556}") = "API", "API\API.csproj", "{A20C2A31-985E-43B6-8D0A-41007DA68DB4}"
EndProject
Project("{9A19103F-16F7-4668-BE54-9A1E7A4F7556}") = "Untils", "Untils\Untils.csproj", "{FD7FFCB7-851C-4FBF-8DB6-F95AEAFDD1CA}"
EndProject
Global
	GlobalSection(SolutionConfigurationPlatforms) = preSolution
		Debug|Any CPU = Debug|Any CPU
		Release|Any CPU = Release|Any CPU
	EndGlobalSection
	GlobalSection(ProjectConfigurationPlatforms) = postSolution
		{BA36D7BE-F2DF-4F89-AA81-FD39E80C7B67}.Debug|Any CPU.ActiveCfg = Debug|Any CPU
		{BA36D7BE-F2DF-4F89-AA81-FD39E80C7B67}.Debug|Any CPU.Build.0 = Debug|Any CPU
		{BA36D7BE-F2DF-4F89-AA81-FD39E80C7B67}.Release|Any CPU.ActiveCfg = Release|Any CPU
		{BA36D7BE-F2DF-4F89-AA81-FD39E80C7B67}.Release|Any CPU.Build.0 = Release|Any CPU
		{0E4A259F-5D2E-4D5B-B17A-E7586D5B1EB5}.Debug|Any CPU.ActiveCfg = Debug|Any CPU
		{0E4A259F-5D2E-4D5B-B17A-E7586D5B1EB5}.Debug|Any CPU.Build.0 = Debug|Any CPU
		{0E4A259F-5D2E-4D5B-B17A-E7586D5B1EB5}.Release|Any CPU.ActiveCfg = Release|Any CPU
		{0E4A259F-5D2E-4D5B-B17A-E7586D5B1EB5}.Release|Any CPU.Build.0 = Release|Any CPU
		{A20C2A31-985E-43B6-8D0A-41007DA68DB4}.Debug|Any CPU.ActiveCfg = Debug|Any CPU
		{A20C2A31-985E-43B6-8D0A-41007DA68DB4}.Debug|Any CPU.Build.0 = Debug|Any CPU
		{A20C2A31-985E-43B6-8D0A-41007DA68DB4}.Release|Any CPU.ActiveCfg = Release|Any CPU
		{A20C2A31-985E-43B6-8D0A-41007DA68DB4}.Release|Any CPU.Build.0 = Release|Any CPU
		{FD7FFCB7-851C-4FBF-8DB6-F95AEAFDD1CA}.Debug|Any CPU.ActiveCfg = Debug|Any CPU
		{FD7FFCB7-851C-4FBF-8DB6-F95AEAFDD1CA}.Debug|Any CPU.Build.0 = Debug|Any CPU
		{FD7FFCB7-851C-4FBF-8DB6-F95AEAFDD1CA}.Release|Any CPU.ActiveCfg = Release|Any CPU
		{FD7FFCB7-851C-4FBF-8DB6-F95AEAFDD1CA}.Release|Any CPU.Build.0 = Release|Any CPU
	EndGlobalSection
	GlobalSection(SolutionProperties) = preSolution
		HideSolutionNode = FALSE
	EndGlobalSection
	GlobalSection(ExtensibilityGlobals) = postSolution
		SolutionGuid = {2C9FBF8C-BA49-401A-B68B-D35A6C1948C6}
	EndGlobalSection
EndGlobal
